{
  "name": "client",
  "lockfileVersion": 3,
  "requires": true,
  "packages": {
    "": {
      "dependencies": {
        "@chessu/types": "file:../../types"
      }
    },
    "../../types": {
      "name": "@chessu/types",
      "version": "0.0.0"
    },
    "node_modules/@chessu/types": {
      "resolved": "../../types",
      "link": true
    }
  }
}
